
Microsoft Visual Studio Solution File, Format Version 12.00
# Visual Studio Version 17
VisualStudioVersion = 17.5.002.0
MinimumVisualStudioVersion = 10.0.40219.1
Project("{9A19103F-16F7-4668-BE54-9A1E7A4F7556}") = "exercicio2", "exercicio2.csproj", "{FC5553DB-678A-4C95-B811-ACC46B70F701}"
EndProject
Global
	GlobalSection(SolutionConfigurationPlatforms) = preSolution
		Debug|Any CPU = Debug|Any CPU
		Release|Any CPU = Release|Any CPU
	EndGlobalSection
	GlobalSection(ProjectConfigurationPlatforms) = postSolution
		{FC5553DB-678A-4C95-B811-ACC46B70F701}.Debug|Any CPU.ActiveCfg = Debug|Any CPU
		{FC5553DB-678A-4C95-B811-ACC46B70F701}.Debug|Any CPU.Build.0 = Debug|Any CPU
		{FC5553DB-678A-4C95-B811-ACC46B70F701}.Release|Any CPU.ActiveCfg = Release|Any CPU
		{FC5553DB-678A-4C95-B811-ACC46B70F701}.Release|Any CPU.Build.0 = Release|Any CPU
	EndGlobalSection
	GlobalSection(SolutionProperties) = preSolution
		HideSolutionNode = FALSE
	EndGlobalSection
	GlobalSection(ExtensibilityGlobals) = postSolution
		SolutionGuid = {6DEF90DF-E19F-46F6-AF3C-13850675C99A}
	EndGlobalSection
EndGlobal
