
Microsoft Visual Studio Solution File, Format Version 12.00
# Visual Studio Version 17
VisualStudioVersion = 17.5.002.0
MinimumVisualStudioVersion = 10.0.40219.1
Project("{9A19103F-16F7-4668-BE54-9A1E7A4F7556}") = "exercicio4", "exercicio4.csproj", "{761E823E-1761-4D6F-A382-9E3DD4BA6771}"
EndProject
Global
	GlobalSection(SolutionConfigurationPlatforms) = preSolution
		Debug|Any CPU = Debug|Any CPU
		Release|Any CPU = Release|Any CPU
	EndGlobalSection
	GlobalSection(ProjectConfigurationPlatforms) = postSolution
		{761E823E-1761-4D6F-A382-9E3DD4BA6771}.Debug|Any CPU.ActiveCfg = Debug|Any CPU
		{761E823E-1761-4D6F-A382-9E3DD4BA6771}.Debug|Any CPU.Build.0 = Debug|Any CPU
		{761E823E-1761-4D6F-A382-9E3DD4BA6771}.Release|Any CPU.ActiveCfg = Release|Any CPU
		{761E823E-1761-4D6F-A382-9E3DD4BA6771}.Release|Any CPU.Build.0 = Release|Any CPU
	EndGlobalSection
	GlobalSection(SolutionProperties) = preSolution
		HideSolutionNode = FALSE
	EndGlobalSection
	GlobalSection(ExtensibilityGlobals) = postSolution
		SolutionGuid = {DB035A08-ED80-444B-8F38-164DFD870FAC}
	EndGlobalSection
EndGlobal
