
Microsoft Visual Studio Solution File, Format Version 12.00
# Visual Studio Version 17
VisualStudioVersion = 17.5.002.0
MinimumVisualStudioVersion = 10.0.40219.1
Project("{9A19103F-16F7-4668-BE54-9A1E7A4F7556}") = "exercicio2", "exercicio2.csproj", "{9868DB24-970C-40B7-A0B7-679C4DF6F5C5}"
EndProject
Global
	GlobalSection(SolutionConfigurationPlatforms) = preSolution
		Debug|Any CPU = Debug|Any CPU
		Release|Any CPU = Release|Any CPU
	EndGlobalSection
	GlobalSection(ProjectConfigurationPlatforms) = postSolution
		{9868DB24-970C-40B7-A0B7-679C4DF6F5C5}.Debug|Any CPU.ActiveCfg = Debug|Any CPU
		{9868DB24-970C-40B7-A0B7-679C4DF6F5C5}.Debug|Any CPU.Build.0 = Debug|Any CPU
		{9868DB24-970C-40B7-A0B7-679C4DF6F5C5}.Release|Any CPU.ActiveCfg = Release|Any CPU
		{9868DB24-970C-40B7-A0B7-679C4DF6F5C5}.Release|Any CPU.Build.0 = Release|Any CPU
	EndGlobalSection
	GlobalSection(SolutionProperties) = preSolution
		HideSolutionNode = FALSE
	EndGlobalSection
	GlobalSection(ExtensibilityGlobals) = postSolution
		SolutionGuid = {2BDA6056-033C-4163-AC7F-5C79E5FE3247}
	EndGlobalSection
EndGlobal
