
Microsoft Visual Studio Solution File, Format Version 12.00
# Visual Studio Version 17
VisualStudioVersion = 17.5.002.0
MinimumVisualStudioVersion = 10.0.40219.1
Project("{9A19103F-16F7-4668-BE54-9A1E7A4F7556}") = "exercicio1", "exercicio1.csproj", "{110C6023-2A7B-4967-9028-6C14F02A1721}"
EndProject
Global
	GlobalSection(SolutionConfigurationPlatforms) = preSolution
		Debug|Any CPU = Debug|Any CPU
		Release|Any CPU = Release|Any CPU
	EndGlobalSection
	GlobalSection(ProjectConfigurationPlatforms) = postSolution
		{110C6023-2A7B-4967-9028-6C14F02A1721}.Debug|Any CPU.ActiveCfg = Debug|Any CPU
		{110C6023-2A7B-4967-9028-6C14F02A1721}.Debug|Any CPU.Build.0 = Debug|Any CPU
		{110C6023-2A7B-4967-9028-6C14F02A1721}.Release|Any CPU.ActiveCfg = Release|Any CPU
		{110C6023-2A7B-4967-9028-6C14F02A1721}.Release|Any CPU.Build.0 = Release|Any CPU
	EndGlobalSection
	GlobalSection(SolutionProperties) = preSolution
		HideSolutionNode = FALSE
	EndGlobalSection
	GlobalSection(ExtensibilityGlobals) = postSolution
		SolutionGuid = {C10CCF36-2F5B-459F-BA9F-ADCCFCA4C247}
	EndGlobalSection
EndGlobal
